
Microsoft Visual Studio Solution File, Format Version 12.00
# Visual Studio Version 17
VisualStudioVersion = 17.3.32929.385
MinimumVisualStudioVersion = 10.0.40219.1
Project("{9A19103F-16F7-4668-BE54-9A1E7A4F7556}") = "Customer_Api", "Customer_Api.csproj", "{829E9AC8-1D23-409E-820A-F2F2C0757F92}"
EndProject
Project("{FAE04EC0-301F-11D3-BF4B-00C04F79EFBC}") = "CustomerEndpoint", "..\CustomerEndpoint\CustomerEndpoint.csproj", "{96B2F443-3B2F-44ED-A900-79A236B9CFBF}"
EndProject
Project("{FAE04EC0-301F-11D3-BF4B-00C04F79EFBC}") = "UserData", "..\UserData\UserData.csproj", "{DAF207AE-DD23-4F3D-AA1C-4946C710B9E6}"
EndProject
Global
	GlobalSection(SolutionConfigurationPlatforms) = preSolution
		Debug|Any CPU = Debug|Any CPU
		Release|Any CPU = Release|Any CPU
	EndGlobalSection
	GlobalSection(ProjectConfigurationPlatforms) = postSolution
		{829E9AC8-1D23-409E-820A-F2F2C0757F92}.Debug|Any CPU.ActiveCfg = Debug|Any CPU
		{829E9AC8-1D23-409E-820A-F2F2C0757F92}.Debug|Any CPU.Build.0 = Debug|Any CPU
		{829E9AC8-1D23-409E-820A-F2F2C0757F92}.Release|Any CPU.ActiveCfg = Release|Any CPU
		{829E9AC8-1D23-409E-820A-F2F2C0757F92}.Release|Any CPU.Build.0 = Release|Any CPU
		{96B2F443-3B2F-44ED-A900-79A236B9CFBF}.Debug|Any CPU.ActiveCfg = Debug|Any CPU
		{96B2F443-3B2F-44ED-A900-79A236B9CFBF}.Debug|Any CPU.Build.0 = Debug|Any CPU
		{96B2F443-3B2F-44ED-A900-79A236B9CFBF}.Release|Any CPU.ActiveCfg = Release|Any CPU
		{96B2F443-3B2F-44ED-A900-79A236B9CFBF}.Release|Any CPU.Build.0 = Release|Any CPU
		{DAF207AE-DD23-4F3D-AA1C-4946C710B9E6}.Debug|Any CPU.ActiveCfg = Debug|Any CPU
		{DAF207AE-DD23-4F3D-AA1C-4946C710B9E6}.Debug|Any CPU.Build.0 = Debug|Any CPU
		{DAF207AE-DD23-4F3D-AA1C-4946C710B9E6}.Release|Any CPU.ActiveCfg = Release|Any CPU
		{DAF207AE-DD23-4F3D-AA1C-4946C710B9E6}.Release|Any CPU.Build.0 = Release|Any CPU
	EndGlobalSection
	GlobalSection(SolutionProperties) = preSolution
		HideSolutionNode = FALSE
	EndGlobalSection
	GlobalSection(ExtensibilityGlobals) = postSolution
		SolutionGuid = {09FB856D-16DC-46A0-8825-93DC9DF9696E}
	EndGlobalSection
EndGlobal
