
Microsoft Visual Studio Solution File, Format Version 12.00
# Visual Studio Version 17
VisualStudioVersion = 17.3.32929.385
MinimumVisualStudioVersion = 10.0.40219.1
Project("{FAE04EC0-301F-11D3-BF4B-00C04F79EFBC}") = "Customer_Api", "Customer_Api.csproj", "{829E9AC8-1D23-409E-820A-F2F2C0757F92}"
EndProject
Global
	GlobalSection(SolutionConfigurationPlatforms) = preSolution
		Debug|Any CPU = Debug|Any CPU
		Release|Any CPU = Release|Any CPU
	EndGlobalSection
	GlobalSection(ProjectConfigurationPlatforms) = postSolution
		{829E9AC8-1D23-409E-820A-F2F2C0757F92}.Debug|Any CPU.ActiveCfg = Debug|Any CPU
		{829E9AC8-1D23-409E-820A-F2F2C0757F92}.Debug|Any CPU.Build.0 = Debug|Any CPU
		{829E9AC8-1D23-409E-820A-F2F2C0757F92}.Release|Any CPU.ActiveCfg = Release|Any CPU
		{829E9AC8-1D23-409E-820A-F2F2C0757F92}.Release|Any CPU.Build.0 = Release|Any CPU
	EndGlobalSection
	GlobalSection(SolutionProperties) = preSolution
		HideSolutionNode = FALSE
	EndGlobalSection
	GlobalSection(ExtensibilityGlobals) = postSolution
		SolutionGuid = {09FB856D-16DC-46A0-8825-93DC9DF9696E}
	EndGlobalSection
EndGlobal
